// !$*UTF8*$!
{
	archiveVersion = 1;
	classes = {
	};
	objectVersion = 55;
	objects = {

/* Begin PBXBuildFile section */
		BB2A713127DCE8C9005DA5CB /* Colors.swift in Sources */ = {isa = PBXBuildFile; fileRef = BB2A713027DCE8C9005DA5CB /* Colors.swift */; };
		BB2A713327DCED05005DA5CB /* AppCoordinator.swift in Sources */ = {isa = PBXBuildFile; fileRef = BB2A713227DCED05005DA5CB /* AppCoordinator.swift */; };
		BB2A713527DCF27D005DA5CB /* VehiclesCoordinator.swift in Sources */ = {isa = PBXBuildFile; fileRef = BB2A713427DCF27D005DA5CB /* VehiclesCoordinator.swift */; };
		BB2A713827DCF412005DA5CB /* VehicleViewController.swift in Sources */ = {isa = PBXBuildFile; fileRef = BB2A713727DCF412005DA5CB /* VehicleViewController.swift */; };
		BB2A713A27DCF5E7005DA5CB /* Coordinator.swift in Sources */ = {isa = PBXBuildFile; fileRef = BB2A713927DCF5E7005DA5CB /* Coordinator.swift */; };
		BB2A713D27DCF725005DA5CB /* VehicleCoordinator.swift in Sources */ = {isa = PBXBuildFile; fileRef = BB2A713C27DCF725005DA5CB /* VehicleCoordinator.swift */; };
		BB2A713F27DD0BD3005DA5CB /* VehicleService.swift in Sources */ = {isa = PBXBuildFile; fileRef = BB2A713E27DD0BD3005DA5CB /* VehicleService.swift */; };
		BB2A714127DD0BDC005DA5CB /* VehiclePresenter.swift in Sources */ = {isa = PBXBuildFile; fileRef = BB2A714027DD0BDC005DA5CB /* VehiclePresenter.swift */; };
		BB2A714327DD0CAC005DA5CB /* VehicleResponse.swift in Sources */ = {isa = PBXBuildFile; fileRef = BB2A714227DD0CAC005DA5CB /* VehicleResponse.swift */; };
		BB2A714727DD15F2005DA5CB /* VehicleView.swift in Sources */ = {isa = PBXBuildFile; fileRef = BB2A714627DD15F2005DA5CB /* VehicleView.swift */; };
		BB43F29F27DE06A200328318 /* VehicleModels.swift in Sources */ = {isa = PBXBuildFile; fileRef = BB43F29E27DE06A200328318 /* VehicleModels.swift */; };
		BB43F2A127DE0BB000328318 /* UIViewController+Extension.swift in Sources */ = {isa = PBXBuildFile; fileRef = BB43F2A027DE0BB000328318 /* UIViewController+Extension.swift */; };
		BB43F2A527DE147600328318 /* Localizable.strings in Resources */ = {isa = PBXBuildFile; fileRef = BB43F2A727DE147600328318 /* Localizable.strings */; };
		BB43F2AC27DE1F6200328318 /* FavouritesViewController.swift in Sources */ = {isa = PBXBuildFile; fileRef = BB43F2AB27DE1F6200328318 /* FavouritesViewController.swift */; };
		BB43F2AE27DE1FDB00328318 /* CoreDataStack.swift in Sources */ = {isa = PBXBuildFile; fileRef = BB43F2AD27DE1FDB00328318 /* CoreDataStack.swift */; };
		BB43F2B027DE200500328318 /* CoreDataManager.swift in Sources */ = {isa = PBXBuildFile; fileRef = BB43F2AF27DE200500328318 /* CoreDataManager.swift */; };
		BB43F2B627DE20A200328318 /* FavouriteVehicle.xcdatamodeld in Sources */ = {isa = PBXBuildFile; fileRef = BB43F2B427DE20A200328318 /* FavouriteVehicle.xcdatamodeld */; };
		BB6113AA27DE246A00B4244A /* FavouritesService.swift in Sources */ = {isa = PBXBuildFile; fileRef = BB6113A927DE246A00B4244A /* FavouritesService.swift */; };
		BB6113AC27DE24E600B4244A /* FavouritesPresenter.swift in Sources */ = {isa = PBXBuildFile; fileRef = BB6113AB27DE24E600B4244A /* FavouritesPresenter.swift */; };
		BB6113B027DE279300B4244A /* FavouriteVehicleModel.swift in Sources */ = {isa = PBXBuildFile; fileRef = BB6113AF27DE279300B4244A /* FavouriteVehicleModel.swift */; };
		BB6113B227DE29C900B4244A /* FavouritesCell.swift in Sources */ = {isa = PBXBuildFile; fileRef = BB6113B127DE29C900B4244A /* FavouritesCell.swift */; };
		BB6113B727DE538F00B4244A /* FavouritesCoordinator.swift in Sources */ = {isa = PBXBuildFile; fileRef = BB6113B627DE538F00B4244A /* FavouritesCoordinator.swift */; };
		BB7D720327DC8782006DA90E /* WebImageView.swift in Sources */ = {isa = PBXBuildFile; fileRef = BB7D720227DC8782006DA90E /* WebImageView.swift */; };
		BB7D720527DC87A5006DA90E /* Constraints.swift in Sources */ = {isa = PBXBuildFile; fileRef = BB7D720427DC87A5006DA90E /* Constraints.swift */; };
		BB7D720727DC87C7006DA90E /* VehiclesService.swift in Sources */ = {isa = PBXBuildFile; fileRef = BB7D720627DC87C7006DA90E /* VehiclesService.swift */; };
		BB7D720D27DC8A80006DA90E /* FooterView.swift in Sources */ = {isa = PBXBuildFile; fileRef = BB7D720C27DC8A80006DA90E /* FooterView.swift */; };
		BB7D720F27DC8CE1006DA90E /* VehiclesPresenter.swift in Sources */ = {isa = PBXBuildFile; fileRef = BB7D720E27DC8CE1006DA90E /* VehiclesPresenter.swift */; };
		BBACA35827DBDB580082FED3 /* AppDelegate.swift in Sources */ = {isa = PBXBuildFile; fileRef = BBACA35727DBDB580082FED3 /* AppDelegate.swift */; };
		BBACA35A27DBDB580082FED3 /* SceneDelegate.swift in Sources */ = {isa = PBXBuildFile; fileRef = BBACA35927DBDB580082FED3 /* SceneDelegate.swift */; };
		BBACA35C27DBDB580082FED3 /* VehiclesViewController.swift in Sources */ = {isa = PBXBuildFile; fileRef = BBACA35B27DBDB580082FED3 /* VehiclesViewController.swift */; };
		BBACA36427DBDB590082FED3 /* Assets.xcassets in Resources */ = {isa = PBXBuildFile; fileRef = BBACA36327DBDB590082FED3 /* Assets.xcassets */; };
		BBACA36727DBDB590082FED3 /* LaunchScreen.storyboard in Resources */ = {isa = PBXBuildFile; fileRef = BBACA36527DBDB590082FED3 /* LaunchScreen.storyboard */; };
		BBACA37227DBDB590082FED3 /* TankopediaTests.swift in Sources */ = {isa = PBXBuildFile; fileRef = BBACA37127DBDB590082FED3 /* TankopediaTests.swift */; };
		BBACA37C27DBDB590082FED3 /* TankopediaUITests.swift in Sources */ = {isa = PBXBuildFile; fileRef = BBACA37B27DBDB590082FED3 /* TankopediaUITests.swift */; };
		BBACA37E27DBDB590082FED3 /* TankopediaUITestsLaunchTests.swift in Sources */ = {isa = PBXBuildFile; fileRef = BBACA37D27DBDB590082FED3 /* TankopediaUITestsLaunchTests.swift */; };
		BBACA38B27DBDC190082FED3 /* APIClient.swift in Sources */ = {isa = PBXBuildFile; fileRef = BBACA38A27DBDC190082FED3 /* APIClient.swift */; };
		BBACA38D27DBDD0D0082FED3 /* StringLocalization.swift in Sources */ = {isa = PBXBuildFile; fileRef = BBACA38C27DBDD0D0082FED3 /* StringLocalization.swift */; };
		BBACA39027DBDD460082FED3 /* BundleHelper.swift in Sources */ = {isa = PBXBuildFile; fileRef = BBACA38F27DBDD460082FED3 /* BundleHelper.swift */; };
		BBACA39227DBDED80082FED3 /* VehiclesResponse.swift in Sources */ = {isa = PBXBuildFile; fileRef = BBACA39127DBDED80082FED3 /* VehiclesResponse.swift */; };
		BBEFEBAF27DC9F3D007D7D92 /* VehiclesCell.swift in Sources */ = {isa = PBXBuildFile; fileRef = BBEFEBAE27DC9F3D007D7D92 /* VehiclesCell.swift */; };
/* End PBXBuildFile section */

/* Begin PBXContainerItemProxy section */
		BBACA36E27DBDB590082FED3 /* PBXContainerItemProxy */ = {
			isa = PBXContainerItemProxy;
			containerPortal = BBACA34C27DBDB580082FED3 /* Project object */;
			proxyType = 1;
			remoteGlobalIDString = BBACA35327DBDB580082FED3;
			remoteInfo = Tankopedia;
		};
		BBACA37827DBDB590082FED3 /* PBXContainerItemProxy */ = {
			isa = PBXContainerItemProxy;
			containerPortal = BBACA34C27DBDB580082FED3 /* Project object */;
			proxyType = 1;
			remoteGlobalIDString = BBACA35327DBDB580082FED3;
			remoteInfo = Tankopedia;
		};
/* End PBXContainerItemProxy section */

/* Begin PBXFileReference section */
		BB2A713027DCE8C9005DA5CB /* Colors.swift */ = {isa = PBXFileReference; lastKnownFileType = sourcecode.swift; path = Colors.swift; sourceTree = "<group>"; };
		BB2A713227DCED05005DA5CB /* AppCoordinator.swift */ = {isa = PBXFileReference; lastKnownFileType = sourcecode.swift; path = AppCoordinator.swift; sourceTree = "<group>"; };
		BB2A713427DCF27D005DA5CB /* VehiclesCoordinator.swift */ = {isa = PBXFileReference; lastKnownFileType = sourcecode.swift; path = VehiclesCoordinator.swift; sourceTree = "<group>"; };
		BB2A713727DCF412005DA5CB /* VehicleViewController.swift */ = {isa = PBXFileReference; lastKnownFileType = sourcecode.swift; path = VehicleViewController.swift; sourceTree = "<group>"; };
		BB2A713927DCF5E7005DA5CB /* Coordinator.swift */ = {isa = PBXFileReference; lastKnownFileType = sourcecode.swift; path = Coordinator.swift; sourceTree = "<group>"; };
		BB2A713C27DCF725005DA5CB /* VehicleCoordinator.swift */ = {isa = PBXFileReference; lastKnownFileType = sourcecode.swift; path = VehicleCoordinator.swift; sourceTree = "<group>"; };
		BB2A713E27DD0BD3005DA5CB /* VehicleService.swift */ = {isa = PBXFileReference; lastKnownFileType = sourcecode.swift; path = VehicleService.swift; sourceTree = "<group>"; };
		BB2A714027DD0BDC005DA5CB /* VehiclePresenter.swift */ = {isa = PBXFileReference; lastKnownFileType = sourcecode.swift; path = VehiclePresenter.swift; sourceTree = "<group>"; };
		BB2A714227DD0CAC005DA5CB /* VehicleResponse.swift */ = {isa = PBXFileReference; lastKnownFileType = sourcecode.swift; path = VehicleResponse.swift; sourceTree = "<group>"; };
		BB2A714627DD15F2005DA5CB /* VehicleView.swift */ = {isa = PBXFileReference; lastKnownFileType = sourcecode.swift; path = VehicleView.swift; sourceTree = "<group>"; };
		BB43F29E27DE06A200328318 /* VehicleModels.swift */ = {isa = PBXFileReference; lastKnownFileType = sourcecode.swift; path = VehicleModels.swift; sourceTree = "<group>"; };
		BB43F2A027DE0BB000328318 /* UIViewController+Extension.swift */ = {isa = PBXFileReference; lastKnownFileType = sourcecode.swift; path = "UIViewController+Extension.swift"; sourceTree = "<group>"; };
		BB43F2A627DE147600328318 /* en */ = {isa = PBXFileReference; lastKnownFileType = text.plist.strings; name = en; path = en.lproj/Localizable.strings; sourceTree = "<group>"; };
		BB43F2A827DE148D00328318 /* ru */ = {isa = PBXFileReference; lastKnownFileType = text.plist.strings; name = ru; path = ru.lproj/Localizable.strings; sourceTree = "<group>"; };
		BB43F2AB27DE1F6200328318 /* FavouritesViewController.swift */ = {isa = PBXFileReference; lastKnownFileType = sourcecode.swift; path = FavouritesViewController.swift; sourceTree = "<group>"; };
		BB43F2AD27DE1FDB00328318 /* CoreDataStack.swift */ = {isa = PBXFileReference; lastKnownFileType = sourcecode.swift; path = CoreDataStack.swift; sourceTree = "<group>"; };
		BB43F2AF27DE200500328318 /* CoreDataManager.swift */ = {isa = PBXFileReference; lastKnownFileType = sourcecode.swift; path = CoreDataManager.swift; sourceTree = "<group>"; };
		BB43F2B527DE20A200328318 /* FavouriteVehicle.xcdatamodel */ = {isa = PBXFileReference; lastKnownFileType = wrapper.xcdatamodel; path = FavouriteVehicle.xcdatamodel; sourceTree = "<group>"; };
		BB6113A927DE246A00B4244A /* FavouritesService.swift */ = {isa = PBXFileReference; lastKnownFileType = sourcecode.swift; path = FavouritesService.swift; sourceTree = "<group>"; };
		BB6113AB27DE24E600B4244A /* FavouritesPresenter.swift */ = {isa = PBXFileReference; lastKnownFileType = sourcecode.swift; path = FavouritesPresenter.swift; sourceTree = "<group>"; };
		BB6113AF27DE279300B4244A /* FavouriteVehicleModel.swift */ = {isa = PBXFileReference; lastKnownFileType = sourcecode.swift; path = FavouriteVehicleModel.swift; sourceTree = "<group>"; };
		BB6113B127DE29C900B4244A /* FavouritesCell.swift */ = {isa = PBXFileReference; lastKnownFileType = sourcecode.swift; path = FavouritesCell.swift; sourceTree = "<group>"; };
		BB6113B627DE538F00B4244A /* FavouritesCoordinator.swift */ = {isa = PBXFileReference; lastKnownFileType = sourcecode.swift; path = FavouritesCoordinator.swift; sourceTree = "<group>"; };
		BB7D720227DC8782006DA90E /* WebImageView.swift */ = {isa = PBXFileReference; lastKnownFileType = sourcecode.swift; path = WebImageView.swift; sourceTree = "<group>"; };
		BB7D720427DC87A5006DA90E /* Constraints.swift */ = {isa = PBXFileReference; lastKnownFileType = sourcecode.swift; path = Constraints.swift; sourceTree = "<group>"; };
		BB7D720627DC87C7006DA90E /* VehiclesService.swift */ = {isa = PBXFileReference; lastKnownFileType = sourcecode.swift; path = VehiclesService.swift; sourceTree = "<group>"; };
		BB7D720C27DC8A80006DA90E /* FooterView.swift */ = {isa = PBXFileReference; lastKnownFileType = sourcecode.swift; path = FooterView.swift; sourceTree = "<group>"; };
		BB7D720E27DC8CE1006DA90E /* VehiclesPresenter.swift */ = {isa = PBXFileReference; lastKnownFileType = sourcecode.swift; path = VehiclesPresenter.swift; sourceTree = "<group>"; };
		BBACA35427DBDB580082FED3 /* Tankopedia.app */ = {isa = PBXFileReference; explicitFileType = wrapper.application; includeInIndex = 0; path = Tankopedia.app; sourceTree = BUILT_PRODUCTS_DIR; };
		BBACA35727DBDB580082FED3 /* AppDelegate.swift */ = {isa = PBXFileReference; lastKnownFileType = sourcecode.swift; path = AppDelegate.swift; sourceTree = "<group>"; };
		BBACA35927DBDB580082FED3 /* SceneDelegate.swift */ = {isa = PBXFileReference; lastKnownFileType = sourcecode.swift; path = SceneDelegate.swift; sourceTree = "<group>"; };
		BBACA35B27DBDB580082FED3 /* VehiclesViewController.swift */ = {isa = PBXFileReference; lastKnownFileType = sourcecode.swift; path = VehiclesViewController.swift; sourceTree = "<group>"; };
		BBACA36327DBDB590082FED3 /* Assets.xcassets */ = {isa = PBXFileReference; lastKnownFileType = folder.assetcatalog; path = Assets.xcassets; sourceTree = "<group>"; };
		BBACA36627DBDB590082FED3 /* Base */ = {isa = PBXFileReference; lastKnownFileType = file.storyboard; name = Base; path = Base.lproj/LaunchScreen.storyboard; sourceTree = "<group>"; };
		BBACA36827DBDB590082FED3 /* Info.plist */ = {isa = PBXFileReference; lastKnownFileType = text.plist.xml; path = Info.plist; sourceTree = "<group>"; };
		BBACA36D27DBDB590082FED3 /* TankopediaTests.xctest */ = {isa = PBXFileReference; explicitFileType = wrapper.cfbundle; includeInIndex = 0; path = TankopediaTests.xctest; sourceTree = BUILT_PRODUCTS_DIR; };
		BBACA37127DBDB590082FED3 /* TankopediaTests.swift */ = {isa = PBXFileReference; lastKnownFileType = sourcecode.swift; path = TankopediaTests.swift; sourceTree = "<group>"; };
		BBACA37727DBDB590082FED3 /* TankopediaUITests.xctest */ = {isa = PBXFileReference; explicitFileType = wrapper.cfbundle; includeInIndex = 0; path = TankopediaUITests.xctest; sourceTree = BUILT_PRODUCTS_DIR; };
		BBACA37B27DBDB590082FED3 /* TankopediaUITests.swift */ = {isa = PBXFileReference; lastKnownFileType = sourcecode.swift; path = TankopediaUITests.swift; sourceTree = "<group>"; };
		BBACA37D27DBDB590082FED3 /* TankopediaUITestsLaunchTests.swift */ = {isa = PBXFileReference; lastKnownFileType = sourcecode.swift; path = TankopediaUITestsLaunchTests.swift; sourceTree = "<group>"; };
		BBACA38A27DBDC190082FED3 /* APIClient.swift */ = {isa = PBXFileReference; lastKnownFileType = sourcecode.swift; path = APIClient.swift; sourceTree = "<group>"; };
		BBACA38C27DBDD0D0082FED3 /* StringLocalization.swift */ = {isa = PBXFileReference; lastKnownFileType = sourcecode.swift; path = StringLocalization.swift; sourceTree = "<group>"; };
		BBACA38F27DBDD460082FED3 /* BundleHelper.swift */ = {isa = PBXFileReference; lastKnownFileType = sourcecode.swift; path = BundleHelper.swift; sourceTree = "<group>"; };
		BBACA39127DBDED80082FED3 /* VehiclesResponse.swift */ = {isa = PBXFileReference; lastKnownFileType = sourcecode.swift; path = VehiclesResponse.swift; sourceTree = "<group>"; };
		BBEFEBAE27DC9F3D007D7D92 /* VehiclesCell.swift */ = {isa = PBXFileReference; lastKnownFileType = sourcecode.swift; path = VehiclesCell.swift; sourceTree = "<group>"; };
/* End PBXFileReference section */

/* Begin PBXFrameworksBuildPhase section */
		BBACA35127DBDB580082FED3 /* Frameworks */ = {
			isa = PBXFrameworksBuildPhase;
			buildActionMask = 2147483647;
			files = (
			);
			runOnlyForDeploymentPostprocessing = 0;
		};
		BBACA36A27DBDB590082FED3 /* Frameworks */ = {
			isa = PBXFrameworksBuildPhase;
			buildActionMask = 2147483647;
			files = (
			);
			runOnlyForDeploymentPostprocessing = 0;
		};
		BBACA37427DBDB590082FED3 /* Frameworks */ = {
			isa = PBXFrameworksBuildPhase;
			buildActionMask = 2147483647;
			files = (
			);
			runOnlyForDeploymentPostprocessing = 0;
		};
/* End PBXFrameworksBuildPhase section */

/* Begin PBXGroup section */
		BB2A713627DCF3F8005DA5CB /* Vehicle */ = {
			isa = PBXGroup;
			children = (
				BB2A713727DCF412005DA5CB /* VehicleViewController.swift */,
				BB2A713C27DCF725005DA5CB /* VehicleCoordinator.swift */,
				BB2A713E27DD0BD3005DA5CB /* VehicleService.swift */,
				BB2A714027DD0BDC005DA5CB /* VehiclePresenter.swift */,
				BB2A714627DD15F2005DA5CB /* VehicleView.swift */,
			);
			path = Vehicle;
			sourceTree = "<group>";
		};
		BB2A713B27DCF5F3005DA5CB /* Application */ = {
			isa = PBXGroup;
			children = (
				BB2A713927DCF5E7005DA5CB /* Coordinator.swift */,
				BB2A713227DCED05005DA5CB /* AppCoordinator.swift */,
				BBACA35727DBDB580082FED3 /* AppDelegate.swift */,
				BBACA35927DBDB580082FED3 /* SceneDelegate.swift */,
			);
			path = Application;
			sourceTree = "<group>";
		};
		BB43F2A427DE145300328318 /* Resources */ = {
			isa = PBXGroup;
			children = (
				BBACA36327DBDB590082FED3 /* Assets.xcassets */,
				BB43F2A727DE147600328318 /* Localizable.strings */,
			);
			path = Resources;
			sourceTree = "<group>";
		};
		BB43F2A927DE1F3400328318 /* Modules */ = {
			isa = PBXGroup;
			children = (
				BB43F2AA27DE1F4400328318 /* Favourites */,
				BB7D71FD27DC8201006DA90E /* Vehicles */,
			);
			path = Modules;
			sourceTree = "<group>";
		};
		BB43F2AA27DE1F4400328318 /* Favourites */ = {
			isa = PBXGroup;
			children = (
				BB43F2AB27DE1F6200328318 /* FavouritesViewController.swift */,
				BB6113A927DE246A00B4244A /* FavouritesService.swift */,
				BB6113AB27DE24E600B4244A /* FavouritesPresenter.swift */,
				BB6113AF27DE279300B4244A /* FavouriteVehicleModel.swift */,
				BB6113B127DE29C900B4244A /* FavouritesCell.swift */,
				BB6113B627DE538F00B4244A /* FavouritesCoordinator.swift */,
			);
			path = Favourites;
			sourceTree = "<group>";
		};
		BB43F2B127DE206600328318 /* Models */ = {
			isa = PBXGroup;
			children = (
				BB43F2B327DE207600328318 /* Response */,
				BB43F2B227DE206F00328318 /* Database */,
			);
			path = Models;
			sourceTree = "<group>";
		};
		BB43F2B227DE206F00328318 /* Database */ = {
			isa = PBXGroup;
			children = (
				BB43F2B427DE20A200328318 /* FavouriteVehicle.xcdatamodeld */,
			);
			path = Database;
			sourceTree = "<group>";
		};
		BB43F2B327DE207600328318 /* Response */ = {
			isa = PBXGroup;
			children = (
				BBACA39127DBDED80082FED3 /* VehiclesResponse.swift */,
				BB2A714227DD0CAC005DA5CB /* VehicleResponse.swift */,
			);
			path = Response;
			sourceTree = "<group>";
		};
		BB7D71FD27DC8201006DA90E /* Vehicles */ = {
			isa = PBXGroup;
			children = (
				BB7D720B27DC8A68006DA90E /* FooterView */,
				BB7D720627DC87C7006DA90E /* VehiclesService.swift */,
				BB7D720E27DC8CE1006DA90E /* VehiclesPresenter.swift */,
				BBACA35B27DBDB580082FED3 /* VehiclesViewController.swift */,
				BBEFEBAE27DC9F3D007D7D92 /* VehiclesCell.swift */,
				BB2A713427DCF27D005DA5CB /* VehiclesCoordinator.swift */,
				BB43F29E27DE06A200328318 /* VehicleModels.swift */,
				BB2A713627DCF3F8005DA5CB /* Vehicle */,
			);
			path = Vehicles;
			sourceTree = "<group>";
		};
		BB7D720127DC876F006DA90E /* Helpers */ = {
			isa = PBXGroup;
			children = (
				BB7D720227DC8782006DA90E /* WebImageView.swift */,
				BB7D720427DC87A5006DA90E /* Constraints.swift */,
				BB2A713027DCE8C9005DA5CB /* Colors.swift */,
				BB43F2A027DE0BB000328318 /* UIViewController+Extension.swift */,
			);
			path = Helpers;
			sourceTree = "<group>";
		};
		BB7D720B27DC8A68006DA90E /* FooterView */ = {
			isa = PBXGroup;
			children = (
				BB7D720C27DC8A80006DA90E /* FooterView.swift */,
			);
			path = FooterView;
			sourceTree = "<group>";
		};
		BB7D721027DC962C006DA90E /* Services */ = {
			isa = PBXGroup;
			children = (
				BBACA38A27DBDC190082FED3 /* APIClient.swift */,
				BB43F2AD27DE1FDB00328318 /* CoreDataStack.swift */,
				BB43F2AF27DE200500328318 /* CoreDataManager.swift */,
			);
			path = Services;
			sourceTree = "<group>";
		};
		BBACA34B27DBDB580082FED3 = {
			isa = PBXGroup;
			children = (
				BBACA35627DBDB580082FED3 /* Tankopedia */,
				BBACA37027DBDB590082FED3 /* TankopediaTests */,
				BBACA37A27DBDB590082FED3 /* TankopediaUITests */,
				BBACA35527DBDB580082FED3 /* Products */,
			);
			sourceTree = "<group>";
		};
		BBACA35527DBDB580082FED3 /* Products */ = {
			isa = PBXGroup;
			children = (
				BBACA35427DBDB580082FED3 /* Tankopedia.app */,
				BBACA36D27DBDB590082FED3 /* TankopediaTests.xctest */,
				BBACA37727DBDB590082FED3 /* TankopediaUITests.xctest */,
			);
			name = Products;
			sourceTree = "<group>";
		};
		BBACA35627DBDB580082FED3 /* Tankopedia */ = {
			isa = PBXGroup;
			children = (
				BB43F2B127DE206600328318 /* Models */,
				BB2A713B27DCF5F3005DA5CB /* Application */,
				BB43F2A927DE1F3400328318 /* Modules */,
				BB7D721027DC962C006DA90E /* Services */,
				BB7D720127DC876F006DA90E /* Helpers */,
				BBACA38E27DBDD380082FED3 /* Utils */,
				BB43F2A427DE145300328318 /* Resources */,
				BBACA36527DBDB590082FED3 /* LaunchScreen.storyboard */,
				BBACA36827DBDB590082FED3 /* Info.plist */,
			);
			path = Tankopedia;
			sourceTree = "<group>";
		};
		BBACA37027DBDB590082FED3 /* TankopediaTests */ = {
			isa = PBXGroup;
			children = (
				BBACA37127DBDB590082FED3 /* TankopediaTests.swift */,
			);
			path = TankopediaTests;
			sourceTree = "<group>";
		};
		BBACA37A27DBDB590082FED3 /* TankopediaUITests */ = {
			isa = PBXGroup;
			children = (
				BBACA37B27DBDB590082FED3 /* TankopediaUITests.swift */,
				BBACA37D27DBDB590082FED3 /* TankopediaUITestsLaunchTests.swift */,
			);
			path = TankopediaUITests;
			sourceTree = "<group>";
		};
		BBACA38E27DBDD380082FED3 /* Utils */ = {
			isa = PBXGroup;
			children = (
				BBACA38C27DBDD0D0082FED3 /* StringLocalization.swift */,
				BBACA38F27DBDD460082FED3 /* BundleHelper.swift */,
			);
			path = Utils;
			sourceTree = "<group>";
		};
/* End PBXGroup section */

/* Begin PBXNativeTarget section */
		BBACA35327DBDB580082FED3 /* Tankopedia */ = {
			isa = PBXNativeTarget;
			buildConfigurationList = BBACA38127DBDB590082FED3 /* Build configuration list for PBXNativeTarget "Tankopedia" */;
			buildPhases = (
				BBACA35027DBDB580082FED3 /* Sources */,
				BBACA35127DBDB580082FED3 /* Frameworks */,
				BBACA35227DBDB580082FED3 /* Resources */,
			);
			buildRules = (
			);
			dependencies = (
			);
			name = Tankopedia;
			productName = Tankopedia;
			productReference = BBACA35427DBDB580082FED3 /* Tankopedia.app */;
			productType = "com.apple.product-type.application";
		};
		BBACA36C27DBDB590082FED3 /* TankopediaTests */ = {
			isa = PBXNativeTarget;
			buildConfigurationList = BBACA38427DBDB590082FED3 /* Build configuration list for PBXNativeTarget "TankopediaTests" */;
			buildPhases = (
				BBACA36927DBDB590082FED3 /* Sources */,
				BBACA36A27DBDB590082FED3 /* Frameworks */,
				BBACA36B27DBDB590082FED3 /* Resources */,
			);
			buildRules = (
			);
			dependencies = (
				BBACA36F27DBDB590082FED3 /* PBXTargetDependency */,
			);
			name = TankopediaTests;
			productName = TankopediaTests;
			productReference = BBACA36D27DBDB590082FED3 /* TankopediaTests.xctest */;
			productType = "com.apple.product-type.bundle.unit-test";
		};
		BBACA37627DBDB590082FED3 /* TankopediaUITests */ = {
			isa = PBXNativeTarget;
			buildConfigurationList = BBACA38727DBDB590082FED3 /* Build configuration list for PBXNativeTarget "TankopediaUITests" */;
			buildPhases = (
				BBACA37327DBDB590082FED3 /* Sources */,
				BBACA37427DBDB590082FED3 /* Frameworks */,
				BBACA37527DBDB590082FED3 /* Resources */,
			);
			buildRules = (
			);
			dependencies = (
				BBACA37927DBDB590082FED3 /* PBXTargetDependency */,
			);
			name = TankopediaUITests;
			productName = TankopediaUITests;
			productReference = BBACA37727DBDB590082FED3 /* TankopediaUITests.xctest */;
			productType = "com.apple.product-type.bundle.ui-testing";
		};
/* End PBXNativeTarget section */

/* Begin PBXProject section */
		BBACA34C27DBDB580082FED3 /* Project object */ = {
			isa = PBXProject;
			attributes = {
				BuildIndependentTargetsInParallel = 1;
				LastSwiftUpdateCheck = 1320;
				LastUpgradeCheck = 1320;
				TargetAttributes = {
					BBACA35327DBDB580082FED3 = {
						CreatedOnToolsVersion = 13.2.1;
					};
					BBACA36C27DBDB590082FED3 = {
						CreatedOnToolsVersion = 13.2.1;
						TestTargetID = BBACA35327DBDB580082FED3;
					};
					BBACA37627DBDB590082FED3 = {
						CreatedOnToolsVersion = 13.2.1;
						TestTargetID = BBACA35327DBDB580082FED3;
					};
				};
			};
			buildConfigurationList = BBACA34F27DBDB580082FED3 /* Build configuration list for PBXProject "Tankopedia" */;
			compatibilityVersion = "Xcode 13.0";
			developmentRegion = en;
			hasScannedForEncodings = 0;
			knownRegions = (
				en,
				Base,
				ru,
			);
			mainGroup = BBACA34B27DBDB580082FED3;
			productRefGroup = BBACA35527DBDB580082FED3 /* Products */;
			projectDirPath = "";
			projectRoot = "";
			targets = (
				BBACA35327DBDB580082FED3 /* Tankopedia */,
				BBACA36C27DBDB590082FED3 /* TankopediaTests */,
				BBACA37627DBDB590082FED3 /* TankopediaUITests */,
			);
		};
/* End PBXProject section */

/* Begin PBXResourcesBuildPhase section */
		BBACA35227DBDB580082FED3 /* Resources */ = {
			isa = PBXResourcesBuildPhase;
			buildActionMask = 2147483647;
			files = (
				BBACA36727DBDB590082FED3 /* LaunchScreen.storyboard in Resources */,
				BB43F2A527DE147600328318 /* Localizable.strings in Resources */,
				BBACA36427DBDB590082FED3 /* Assets.xcassets in Resources */,
			);
			runOnlyForDeploymentPostprocessing = 0;
		};
		BBACA36B27DBDB590082FED3 /* Resources */ = {
			isa = PBXResourcesBuildPhase;
			buildActionMask = 2147483647;
			files = (
			);
			runOnlyForDeploymentPostprocessing = 0;
		};
		BBACA37527DBDB590082FED3 /* Resources */ = {
			isa = PBXResourcesBuildPhase;
			buildActionMask = 2147483647;
			files = (
			);
			runOnlyForDeploymentPostprocessing = 0;
		};
/* End PBXResourcesBuildPhase section */

/* Begin PBXSourcesBuildPhase section */
		BBACA35027DBDB580082FED3 /* Sources */ = {
			isa = PBXSourcesBuildPhase;
			buildActionMask = 2147483647;
			files = (
				BB2A713F27DD0BD3005DA5CB /* VehicleService.swift in Sources */,
				BB2A714127DD0BDC005DA5CB /* VehiclePresenter.swift in Sources */,
				BB2A713327DCED05005DA5CB /* AppCoordinator.swift in Sources */,
				BB6113AA27DE246A00B4244A /* FavouritesService.swift in Sources */,
				BB2A713827DCF412005DA5CB /* VehicleViewController.swift in Sources */,
				BBACA35C27DBDB580082FED3 /* VehiclesViewController.swift in Sources */,
				BB2A713127DCE8C9005DA5CB /* Colors.swift in Sources */,
				BB7D720727DC87C7006DA90E /* VehiclesService.swift in Sources */,
				BB43F2AE27DE1FDB00328318 /* CoreDataStack.swift in Sources */,
				BB2A714727DD15F2005DA5CB /* VehicleView.swift in Sources */,
				BBACA38D27DBDD0D0082FED3 /* StringLocalization.swift in Sources */,
				BB2A714327DD0CAC005DA5CB /* VehicleResponse.swift in Sources */,
				BB6113B727DE538F00B4244A /* FavouritesCoordinator.swift in Sources */,
				BB2A713A27DCF5E7005DA5CB /* Coordinator.swift in Sources */,
				BB6113AC27DE24E600B4244A /* FavouritesPresenter.swift in Sources */,
				BB7D720527DC87A5006DA90E /* Constraints.swift in Sources */,
				BBEFEBAF27DC9F3D007D7D92 /* VehiclesCell.swift in Sources */,
				BB7D720F27DC8CE1006DA90E /* VehiclesPresenter.swift in Sources */,
				BB43F2A127DE0BB000328318 /* UIViewController+Extension.swift in Sources */,
				BBACA35827DBDB580082FED3 /* AppDelegate.swift in Sources */,
				BBACA39227DBDED80082FED3 /* VehiclesResponse.swift in Sources */,
				BBACA35A27DBDB580082FED3 /* SceneDelegate.swift in Sources */,
				BB43F2AC27DE1F6200328318 /* FavouritesViewController.swift in Sources */,
				BBACA38B27DBDC190082FED3 /* APIClient.swift in Sources */,
				BBACA39027DBDD460082FED3 /* BundleHelper.swift in Sources */,
				BB2A713D27DCF725005DA5CB /* VehicleCoordinator.swift in Sources */,
				BB7D720D27DC8A80006DA90E /* FooterView.swift in Sources */,
				BB2A713527DCF27D005DA5CB /* VehiclesCoordinator.swift in Sources */,
				BB6113B227DE29C900B4244A /* FavouritesCell.swift in Sources */,
				BB43F2B027DE200500328318 /* CoreDataManager.swift in Sources */,
				BB6113B027DE279300B4244A /* FavouriteVehicleModel.swift in Sources */,
				BB7D720327DC8782006DA90E /* WebImageView.swift in Sources */,
				BB43F29F27DE06A200328318 /* VehicleModels.swift in Sources */,
				BB43F2B627DE20A200328318 /* FavouriteVehicle.xcdatamodeld in Sources */,
			);
			runOnlyForDeploymentPostprocessing = 0;
		};
		BBACA36927DBDB590082FED3 /* Sources */ = {
			isa = PBXSourcesBuildPhase;
			buildActionMask = 2147483647;
			files = (
				BBACA37227DBDB590082FED3 /* TankopediaTests.swift in Sources */,
			);
			runOnlyForDeploymentPostprocessing = 0;
		};
		BBACA37327DBDB590082FED3 /* Sources */ = {
			isa = PBXSourcesBuildPhase;
			buildActionMask = 2147483647;
			files = (
				BBACA37E27DBDB590082FED3 /* TankopediaUITestsLaunchTests.swift in Sources */,
				BBACA37C27DBDB590082FED3 /* TankopediaUITests.swift in Sources */,
			);
			runOnlyForDeploymentPostprocessing = 0;
		};
/* End PBXSourcesBuildPhase section */

/* Begin PBXTargetDependency section */
		BBACA36F27DBDB590082FED3 /* PBXTargetDependency */ = {
			isa = PBXTargetDependency;
			target = BBACA35327DBDB580082FED3 /* Tankopedia */;
			targetProxy = BBACA36E27DBDB590082FED3 /* PBXContainerItemProxy */;
		};
		BBACA37927DBDB590082FED3 /* PBXTargetDependency */ = {
			isa = PBXTargetDependency;
			target = BBACA35327DBDB580082FED3 /* Tankopedia */;
			targetProxy = BBACA37827DBDB590082FED3 /* PBXContainerItemProxy */;
		};
/* End PBXTargetDependency section */

/* Begin PBXVariantGroup section */
		BB43F2A727DE147600328318 /* Localizable.strings */ = {
			isa = PBXVariantGroup;
			children = (
				BB43F2A627DE147600328318 /* en */,
				BB43F2A827DE148D00328318 /* ru */,
			);
			name = Localizable.strings;
			sourceTree = "<group>";
		};
		BBACA36527DBDB590082FED3 /* LaunchScreen.storyboard */ = {
			isa = PBXVariantGroup;
			children = (
				BBACA36627DBDB590082FED3 /* Base */,
			);
			name = LaunchScreen.storyboard;
			sourceTree = "<group>";
		};
/* End PBXVariantGroup section */

/* Begin XCBuildConfiguration section */
		BBACA37F27DBDB590082FED3 /* Debug */ = {
			isa = XCBuildConfiguration;
			buildSettings = {
				ALWAYS_SEARCH_USER_PATHS = NO;
				CLANG_ANALYZER_LOCALIZABILITY_NONLOCALIZED = YES;
				CLANG_ANALYZER_NONNULL = YES;
				CLANG_ANALYZER_NUMBER_OBJECT_CONVERSION = YES_AGGRESSIVE;
				CLANG_CXX_LANGUAGE_STANDARD = "gnu++17";
				CLANG_CXX_LIBRARY = "libc++";
				CLANG_ENABLE_MODULES = YES;
				CLANG_ENABLE_OBJC_ARC = YES;
				CLANG_ENABLE_OBJC_WEAK = YES;
				CLANG_WARN_BLOCK_CAPTURE_AUTORELEASING = YES;
				CLANG_WARN_BOOL_CONVERSION = YES;
				CLANG_WARN_COMMA = YES;
				CLANG_WARN_CONSTANT_CONVERSION = YES;
				CLANG_WARN_DEPRECATED_OBJC_IMPLEMENTATIONS = YES;
				CLANG_WARN_DIRECT_OBJC_ISA_USAGE = YES_ERROR;
				CLANG_WARN_DOCUMENTATION_COMMENTS = YES;
				CLANG_WARN_EMPTY_BODY = YES;
				CLANG_WARN_ENUM_CONVERSION = YES;
				CLANG_WARN_INFINITE_RECURSION = YES;
				CLANG_WARN_INT_CONVERSION = YES;
				CLANG_WARN_NON_LITERAL_NULL_CONVERSION = YES;
				CLANG_WARN_OBJC_IMPLICIT_RETAIN_SELF = YES;
				CLANG_WARN_OBJC_LITERAL_CONVERSION = YES;
				CLANG_WARN_OBJC_ROOT_CLASS = YES_ERROR;
				CLANG_WARN_QUOTED_INCLUDE_IN_FRAMEWORK_HEADER = YES;
				CLANG_WARN_RANGE_LOOP_ANALYSIS = YES;
				CLANG_WARN_STRICT_PROTOTYPES = YES;
				CLANG_WARN_SUSPICIOUS_MOVE = YES;
				CLANG_WARN_UNGUARDED_AVAILABILITY = YES_AGGRESSIVE;
				CLANG_WARN_UNREACHABLE_CODE = YES;
				CLANG_WARN__DUPLICATE_METHOD_MATCH = YES;
				COPY_PHASE_STRIP = NO;
				DEBUG_INFORMATION_FORMAT = dwarf;
				ENABLE_STRICT_OBJC_MSGSEND = YES;
				ENABLE_TESTABILITY = YES;
				GCC_C_LANGUAGE_STANDARD = gnu11;
				GCC_DYNAMIC_NO_PIC = NO;
				GCC_NO_COMMON_BLOCKS = YES;
				GCC_OPTIMIZATION_LEVEL = 0;
				GCC_PREPROCESSOR_DEFINITIONS = (
					"DEBUG=1",
					"$(inherited)",
				);
				GCC_WARN_64_TO_32_BIT_CONVERSION = YES;
				GCC_WARN_ABOUT_RETURN_TYPE = YES_ERROR;
				GCC_WARN_UNDECLARED_SELECTOR = YES;
				GCC_WARN_UNINITIALIZED_AUTOS = YES_AGGRESSIVE;
				GCC_WARN_UNUSED_FUNCTION = YES;
				GCC_WARN_UNUSED_VARIABLE = YES;
				IPHONEOS_DEPLOYMENT_TARGET = 15.2;
				MTL_ENABLE_DEBUG_INFO = INCLUDE_SOURCE;
				MTL_FAST_MATH = YES;
				ONLY_ACTIVE_ARCH = YES;
				SDKROOT = iphoneos;
				SWIFT_ACTIVE_COMPILATION_CONDITIONS = DEBUG;
				SWIFT_OPTIMIZATION_LEVEL = "-Onone";
			};
			name = Debug;
		};
		BBACA38027DBDB590082FED3 /* Release */ = {
			isa = XCBuildConfiguration;
			buildSettings = {
				ALWAYS_SEARCH_USER_PATHS = NO;
				CLANG_ANALYZER_LOCALIZABILITY_NONLOCALIZED = YES;
				CLANG_ANALYZER_NONNULL = YES;
				CLANG_ANALYZER_NUMBER_OBJECT_CONVERSION = YES_AGGRESSIVE;
				CLANG_CXX_LANGUAGE_STANDARD = "gnu++17";
				CLANG_CXX_LIBRARY = "libc++";
				CLANG_ENABLE_MODULES = YES;
				CLANG_ENABLE_OBJC_ARC = YES;
				CLANG_ENABLE_OBJC_WEAK = YES;
				CLANG_WARN_BLOCK_CAPTURE_AUTORELEASING = YES;
				CLANG_WARN_BOOL_CONVERSION = YES;
				CLANG_WARN_COMMA = YES;
				CLANG_WARN_CONSTANT_CONVERSION = YES;
				CLANG_WARN_DEPRECATED_OBJC_IMPLEMENTATIONS = YES;
				CLANG_WARN_DIRECT_OBJC_ISA_USAGE = YES_ERROR;
				CLANG_WARN_DOCUMENTATION_COMMENTS = YES;
				CLANG_WARN_EMPTY_BODY = YES;
				CLANG_WARN_ENUM_CONVERSION = YES;
				CLANG_WARN_INFINITE_RECURSION = YES;
				CLANG_WARN_INT_CONVERSION = YES;
				CLANG_WARN_NON_LITERAL_NULL_CONVERSION = YES;
				CLANG_WARN_OBJC_IMPLICIT_RETAIN_SELF = YES;
				CLANG_WARN_OBJC_LITERAL_CONVERSION = YES;
				CLANG_WARN_OBJC_ROOT_CLASS = YES_ERROR;
				CLANG_WARN_QUOTED_INCLUDE_IN_FRAMEWORK_HEADER = YES;
				CLANG_WARN_RANGE_LOOP_ANALYSIS = YES;
				CLANG_WARN_STRICT_PROTOTYPES = YES;
				CLANG_WARN_SUSPICIOUS_MOVE = YES;
				CLANG_WARN_UNGUARDED_AVAILABILITY = YES_AGGRESSIVE;
				CLANG_WARN_UNREACHABLE_CODE = YES;
				CLANG_WARN__DUPLICATE_METHOD_MATCH = YES;
				COPY_PHASE_STRIP = NO;
				DEBUG_INFORMATION_FORMAT = "dwarf-with-dsym";
				ENABLE_NS_ASSERTIONS = NO;
				ENABLE_STRICT_OBJC_MSGSEND = YES;
				GCC_C_LANGUAGE_STANDARD = gnu11;
				GCC_NO_COMMON_BLOCKS = YES;
				GCC_WARN_64_TO_32_BIT_CONVERSION = YES;
				GCC_WARN_ABOUT_RETURN_TYPE = YES_ERROR;
				GCC_WARN_UNDECLARED_SELECTOR = YES;
				GCC_WARN_UNINITIALIZED_AUTOS = YES_AGGRESSIVE;
				GCC_WARN_UNUSED_FUNCTION = YES;
				GCC_WARN_UNUSED_VARIABLE = YES;
				IPHONEOS_DEPLOYMENT_TARGET = 15.2;
				MTL_ENABLE_DEBUG_INFO = NO;
				MTL_FAST_MATH = YES;
				SDKROOT = iphoneos;
				SWIFT_COMPILATION_MODE = wholemodule;
				SWIFT_OPTIMIZATION_LEVEL = "-O";
				VALIDATE_PRODUCT = YES;
			};
			name = Release;
		};
		BBACA38227DBDB590082FED3 /* Debug */ = {
			isa = XCBuildConfiguration;
			buildSettings = {
				ASSETCATALOG_COMPILER_APPICON_NAME = AppIcon;
				ASSETCATALOG_COMPILER_GLOBAL_ACCENT_COLOR_NAME = AccentColor;
				CODE_SIGN_STYLE = Automatic;
				CURRENT_PROJECT_VERSION = 1;
				DEVELOPMENT_TEAM = 47XAJM48N4;
				GENERATE_INFOPLIST_FILE = YES;
				INFOPLIST_FILE = Tankopedia/Info.plist;
				INFOPLIST_KEY_UIApplicationSupportsIndirectInputEvents = YES;
				INFOPLIST_KEY_UILaunchStoryboardName = LaunchScreen;
				INFOPLIST_KEY_UISupportedInterfaceOrientations = UIInterfaceOrientationPortrait;
				INFOPLIST_KEY_UISupportedInterfaceOrientations_iPad = "UIInterfaceOrientationPortrait UIInterfaceOrientationPortraitUpsideDown UIInterfaceOrientationLandscapeLeft UIInterfaceOrientationLandscapeRight";
				INFOPLIST_KEY_UISupportedInterfaceOrientations_iPhone = "UIInterfaceOrientationPortrait UIInterfaceOrientationLandscapeLeft UIInterfaceOrientationLandscapeRight";
				LD_RUNPATH_SEARCH_PATHS = (
					"$(inherited)",
					"@executable_path/Frameworks",
				);
				MARKETING_VERSION = 1.0;
				PRODUCT_BUNDLE_IDENTIFIER = com.hjcn1337.Tankopedia;
				PRODUCT_NAME = "$(TARGET_NAME)";
				SWIFT_EMIT_LOC_STRINGS = YES;
				SWIFT_VERSION = 5.0;
				TARGETED_DEVICE_FAMILY = "1,2";
			};
			name = Debug;
		};
		BBACA38327DBDB590082FED3 /* Release */ = {
			isa = XCBuildConfiguration;
			buildSettings = {
				ASSETCATALOG_COMPILER_APPICON_NAME = AppIcon;
				ASSETCATALOG_COMPILER_GLOBAL_ACCENT_COLOR_NAME = AccentColor;
				CODE_SIGN_STYLE = Automatic;
				CURRENT_PROJECT_VERSION = 1;
				DEVELOPMENT_TEAM = 47XAJM48N4;
				GENERATE_INFOPLIST_FILE = YES;
				INFOPLIST_FILE = Tankopedia/Info.plist;
				INFOPLIST_KEY_UIApplicationSupportsIndirectInputEvents = YES;
				INFOPLIST_KEY_UILaunchStoryboardName = LaunchScreen;
				INFOPLIST_KEY_UISupportedInterfaceOrientations = UIInterfaceOrientationPortrait;
				INFOPLIST_KEY_UISupportedInterfaceOrientations_iPad = "UIInterfaceOrientationPortrait UIInterfaceOrientationPortraitUpsideDown UIInterfaceOrientationLandscapeLeft UIInterfaceOrientationLandscapeRight";
				INFOPLIST_KEY_UISupportedInterfaceOrientations_iPhone = "UIInterfaceOrientationPortrait UIInterfaceOrientationLandscapeLeft UIInterfaceOrientationLandscapeRight";
				LD_RUNPATH_SEARCH_PATHS = (
					"$(inherited)",
					"@executable_path/Frameworks",
				);
				MARKETING_VERSION = 1.0;
				PRODUCT_BUNDLE_IDENTIFIER = com.hjcn1337.Tankopedia;
				PRODUCT_NAME = "$(TARGET_NAME)";
				SWIFT_EMIT_LOC_STRINGS = YES;
				SWIFT_VERSION = 5.0;
				TARGETED_DEVICE_FAMILY = "1,2";
			};
			name = Release;
		};
		BBACA38527DBDB590082FED3 /* Debug */ = {
			isa = XCBuildConfiguration;
			buildSettings = {
				ALWAYS_EMBED_SWIFT_STANDARD_LIBRARIES = YES;
				BUNDLE_LOADER = "$(TEST_HOST)";
				CODE_SIGN_STYLE = Automatic;
				CURRENT_PROJECT_VERSION = 1;
				DEVELOPMENT_TEAM = 47XAJM48N4;
				GENERATE_INFOPLIST_FILE = YES;
				IPHONEOS_DEPLOYMENT_TARGET = 15.2;
				MARKETING_VERSION = 1.0;
				PRODUCT_BUNDLE_IDENTIFIER = com.hjcn1337.TankopediaTests;
				PRODUCT_NAME = "$(TARGET_NAME)";
				SWIFT_EMIT_LOC_STRINGS = NO;
				SWIFT_VERSION = 5.0;
				TARGETED_DEVICE_FAMILY = "1,2";
				TEST_HOST = "$(BUILT_PRODUCTS_DIR)/Tankopedia.app/Tankopedia";
			};
			name = Debug;
		};
		BBACA38627DBDB590082FED3 /* Release */ = {
			isa = XCBuildConfiguration;
			buildSettings = {
				ALWAYS_EMBED_SWIFT_STANDARD_LIBRARIES = YES;
				BUNDLE_LOADER = "$(TEST_HOST)";
				CODE_SIGN_STYLE = Automatic;
				CURRENT_PROJECT_VERSION = 1;
				DEVELOPMENT_TEAM = 47XAJM48N4;
				GENERATE_INFOPLIST_FILE = YES;
				IPHONEOS_DEPLOYMENT_TARGET = 15.2;
				MARKETING_VERSION = 1.0;
				PRODUCT_BUNDLE_IDENTIFIER = com.hjcn1337.TankopediaTests;
				PRODUCT_NAME = "$(TARGET_NAME)";
				SWIFT_EMIT_LOC_STRINGS = NO;
				SWIFT_VERSION = 5.0;
				TARGETED_DEVICE_FAMILY = "1,2";
				TEST_HOST = "$(BUILT_PRODUCTS_DIR)/Tankopedia.app/Tankopedia";
			};
			name = Release;
		};
		BBACA38827DBDB590082FED3 /* Debug */ = {
			isa = XCBuildConfiguration;
			buildSettings = {
				ALWAYS_EMBED_SWIFT_STANDARD_LIBRARIES = YES;
				CODE_SIGN_STYLE = Automatic;
				CURRENT_PROJECT_VERSION = 1;
				DEVELOPMENT_TEAM = 47XAJM48N4;
				GENERATE_INFOPLIST_FILE = YES;
				MARKETING_VERSION = 1.0;
				PRODUCT_BUNDLE_IDENTIFIER = com.hjcn1337.TankopediaUITests;
				PRODUCT_NAME = "$(TARGET_NAME)";
				SWIFT_EMIT_LOC_STRINGS = NO;
				SWIFT_VERSION = 5.0;
				TARGETED_DEVICE_FAMILY = "1,2";
				TEST_TARGET_NAME = Tankopedia;
			};
			name = Debug;
		};
		BBACA38927DBDB590082FED3 /* Release */ = {
			isa = XCBuildConfiguration;
			buildSettings = {
				ALWAYS_EMBED_SWIFT_STANDARD_LIBRARIES = YES;
				CODE_SIGN_STYLE = Automatic;
				CURRENT_PROJECT_VERSION = 1;
				DEVELOPMENT_TEAM = 47XAJM48N4;
				GENERATE_INFOPLIST_FILE = YES;
				MARKETING_VERSION = 1.0;
				PRODUCT_BUNDLE_IDENTIFIER = com.hjcn1337.TankopediaUITests;
				PRODUCT_NAME = "$(TARGET_NAME)";
				SWIFT_EMIT_LOC_STRINGS = NO;
				SWIFT_VERSION = 5.0;
				TARGETED_DEVICE_FAMILY = "1,2";
				TEST_TARGET_NAME = Tankopedia;
			};
			name = Release;
		};
/* End XCBuildConfiguration section */

/* Begin XCConfigurationList section */
		BBACA34F27DBDB580082FED3 /* Build configuration list for PBXProject "Tankopedia" */ = {
			isa = XCConfigurationList;
			buildConfigurations = (
				BBACA37F27DBDB590082FED3 /* Debug */,
				BBACA38027DBDB590082FED3 /* Release */,
			);
			defaultConfigurationIsVisible = 0;
			defaultConfigurationName = Release;
		};
		BBACA38127DBDB590082FED3 /* Build configuration list for PBXNativeTarget "Tankopedia" */ = {
			isa = XCConfigurationList;
			buildConfigurations = (
				BBACA38227DBDB590082FED3 /* Debug */,
				BBACA38327DBDB590082FED3 /* Release */,
			);
			defaultConfigurationIsVisible = 0;
			defaultConfigurationName = Release;
		};
		BBACA38427DBDB590082FED3 /* Build configuration list for PBXNativeTarget "TankopediaTests" */ = {
			isa = XCConfigurationList;
			buildConfigurations = (
				BBACA38527DBDB590082FED3 /* Debug */,
				BBACA38627DBDB590082FED3 /* Release */,
			);
			defaultConfigurationIsVisible = 0;
			defaultConfigurationName = Release;
		};
		BBACA38727DBDB590082FED3 /* Build configuration list for PBXNativeTarget "TankopediaUITests" */ = {
			isa = XCConfigurationList;
			buildConfigurations = (
				BBACA38827DBDB590082FED3 /* Debug */,
				BBACA38927DBDB590082FED3 /* Release */,
			);
			defaultConfigurationIsVisible = 0;
			defaultConfigurationName = Release;
		};
/* End XCConfigurationList section */

/* Begin XCVersionGroup section */
		BB43F2B427DE20A200328318 /* FavouriteVehicle.xcdatamodeld */ = {
			isa = XCVersionGroup;
			children = (
				BB43F2B527DE20A200328318 /* FavouriteVehicle.xcdatamodel */,
			);
			currentVersion = BB43F2B527DE20A200328318 /* FavouriteVehicle.xcdatamodel */;
			path = FavouriteVehicle.xcdatamodeld;
			sourceTree = "<group>";
			versionGroupType = wrapper.xcdatamodel;
		};
/* End XCVersionGroup section */
	};
	rootObject = BBACA34C27DBDB580082FED3 /* Project object */;
}
